
Microsoft Visual Studio Solution File, Format Version 12.00
# Visual Studio Version 17
VisualStudioVersion = 17.2.32616.157
MinimumVisualStudioVersion = 10.0.40219.1
Project("{FAE04EC0-301F-11D3-BF4B-00C04F79EFBC}") = "Store", "Papamamaya\Store.csproj", "{8B01B18F-18C9-4D0F-897F-10A5E2219855}"
EndProject
Global
	GlobalSection(SolutionConfigurationPlatforms) = preSolution
		Debug|Any CPU = Debug|Any CPU
		Release|Any CPU = Release|Any CPU
	EndGlobalSection
	GlobalSection(ProjectConfigurationPlatforms) = postSolution
		{8B01B18F-18C9-4D0F-897F-10A5E2219855}.Debug|Any CPU.ActiveCfg = Debug|Any CPU
		{8B01B18F-18C9-4D0F-897F-10A5E2219855}.Debug|Any CPU.Build.0 = Debug|Any CPU
		{8B01B18F-18C9-4D0F-897F-10A5E2219855}.Release|Any CPU.ActiveCfg = Release|Any CPU
		{8B01B18F-18C9-4D0F-897F-10A5E2219855}.Release|Any CPU.Build.0 = Release|Any CPU
	EndGlobalSection
	GlobalSection(SolutionProperties) = preSolution
		HideSolutionNode = FALSE
	EndGlobalSection
	GlobalSection(ExtensibilityGlobals) = postSolution
		SolutionGuid = {04088405-7A1A-4690-A24D-DF0A8F6D96A0}
	EndGlobalSection
EndGlobal
